
Microsoft Visual Studio Solution File, Format Version 12.00
# Visual Studio Version 17
VisualStudioVersion = 17.2.32616.157
MinimumVisualStudioVersion = 10.0.40219.1
Project("{FAE04EC0-301F-11D3-BF4B-00C04F79EFBC}") = "ConsoleApp1", "ConsoleApp1\ConsoleApp1.csproj", "{4B1BFECC-6DB2-4330-9252-4833C0949B74}"
EndProject
Project("{FAE04EC0-301F-11D3-BF4B-00C04F79EFBC}") = "ClassWork08july", "ClassWork08july\ClassWork08july.csproj", "{D63CEDDB-F7C8-4E64-B138-3F569496DF2E}"
EndProject
Project("{FAE04EC0-301F-11D3-BF4B-00C04F79EFBC}") = "ClassWork12July", "ClassWork12July\ClassWork12July.csproj", "{1173156A-E0C8-446F-9296-0F9AF347EF12}"
EndProject
Project("{FAE04EC0-301F-11D3-BF4B-00C04F79EFBC}") = "Employee(12July)", "Employee(12July)\Employee(12July).csproj", "{64413DFD-42F7-4299-A0E5-7EC86A8C9A5C}"
EndProject
Project("{FAE04EC0-301F-11D3-BF4B-00C04F79EFBC}") = "HomeWork(13July)", "HomeWork(13July)\HomeWork(13July).csproj", "{529823D0-0BA1-4C98-89E6-0D32C3A9C4DC}"
EndProject
Global
	GlobalSection(SolutionConfigurationPlatforms) = preSolution
		Debug|Any CPU = Debug|Any CPU
		Release|Any CPU = Release|Any CPU
	EndGlobalSection
	GlobalSection(ProjectConfigurationPlatforms) = postSolution
		{4B1BFECC-6DB2-4330-9252-4833C0949B74}.Debug|Any CPU.ActiveCfg = Debug|Any CPU
		{4B1BFECC-6DB2-4330-9252-4833C0949B74}.Debug|Any CPU.Build.0 = Debug|Any CPU
		{4B1BFECC-6DB2-4330-9252-4833C0949B74}.Release|Any CPU.ActiveCfg = Release|Any CPU
		{4B1BFECC-6DB2-4330-9252-4833C0949B74}.Release|Any CPU.Build.0 = Release|Any CPU
		{D63CEDDB-F7C8-4E64-B138-3F569496DF2E}.Debug|Any CPU.ActiveCfg = Debug|Any CPU
		{D63CEDDB-F7C8-4E64-B138-3F569496DF2E}.Debug|Any CPU.Build.0 = Debug|Any CPU
		{D63CEDDB-F7C8-4E64-B138-3F569496DF2E}.Release|Any CPU.ActiveCfg = Release|Any CPU
		{D63CEDDB-F7C8-4E64-B138-3F569496DF2E}.Release|Any CPU.Build.0 = Release|Any CPU
		{1173156A-E0C8-446F-9296-0F9AF347EF12}.Debug|Any CPU.ActiveCfg = Debug|Any CPU
		{1173156A-E0C8-446F-9296-0F9AF347EF12}.Debug|Any CPU.Build.0 = Debug|Any CPU
		{1173156A-E0C8-446F-9296-0F9AF347EF12}.Release|Any CPU.ActiveCfg = Release|Any CPU
		{1173156A-E0C8-446F-9296-0F9AF347EF12}.Release|Any CPU.Build.0 = Release|Any CPU
		{64413DFD-42F7-4299-A0E5-7EC86A8C9A5C}.Debug|Any CPU.ActiveCfg = Debug|Any CPU
		{64413DFD-42F7-4299-A0E5-7EC86A8C9A5C}.Debug|Any CPU.Build.0 = Debug|Any CPU
		{64413DFD-42F7-4299-A0E5-7EC86A8C9A5C}.Release|Any CPU.ActiveCfg = Release|Any CPU
		{64413DFD-42F7-4299-A0E5-7EC86A8C9A5C}.Release|Any CPU.Build.0 = Release|Any CPU
		{529823D0-0BA1-4C98-89E6-0D32C3A9C4DC}.Debug|Any CPU.ActiveCfg = Debug|Any CPU
		{529823D0-0BA1-4C98-89E6-0D32C3A9C4DC}.Debug|Any CPU.Build.0 = Debug|Any CPU
		{529823D0-0BA1-4C98-89E6-0D32C3A9C4DC}.Release|Any CPU.ActiveCfg = Release|Any CPU
		{529823D0-0BA1-4C98-89E6-0D32C3A9C4DC}.Release|Any CPU.Build.0 = Release|Any CPU
	EndGlobalSection
	GlobalSection(SolutionProperties) = preSolution
		HideSolutionNode = FALSE
	EndGlobalSection
	GlobalSection(ExtensibilityGlobals) = postSolution
		SolutionGuid = {3FD3BCAD-B3F1-4D1C-911E-0F3C95CBA9FA}
	EndGlobalSection
EndGlobal
