
Microsoft Visual Studio Solution File, Format Version 12.00
# Visual Studio Version 17
VisualStudioVersion = 17.2.32616.157
MinimumVisualStudioVersion = 10.0.40219.1
Project("{FAE04EC0-301F-11D3-BF4B-00C04F79EFBC}") = "ConsoleApp1", "ConsoleApp1\ConsoleApp1.csproj", "{4B1BFECC-6DB2-4330-9252-4833C0949B74}"
EndProject
Project("{FAE04EC0-301F-11D3-BF4B-00C04F79EFBC}") = "ClassWork08july", "ClassWork08july\ClassWork08july.csproj", "{D63CEDDB-F7C8-4E64-B138-3F569496DF2E}"
EndProject
Project("{FAE04EC0-301F-11D3-BF4B-00C04F79EFBC}") = "ClassWork12July", "ClassWork12July\ClassWork12July.csproj", "{1173156A-E0C8-446F-9296-0F9AF347EF12}"
EndProject
Project("{FAE04EC0-301F-11D3-BF4B-00C04F79EFBC}") = "Employee(12July)", "Employee(12July)\Employee(12July).csproj", "{64413DFD-42F7-4299-A0E5-7EC86A8C9A5C}"
EndProject
Project("{FAE04EC0-301F-11D3-BF4B-00C04F79EFBC}") = "HomeWork(13July)", "HomeWork(13July)\HomeWork(13July).csproj", "{529823D0-0BA1-4C98-89E6-0D32C3A9C4DC}"
EndProject
Project("{2150E333-8FDC-42A3-9474-1A3956D46DE8}") = "DB18July", "DB18July", "{9D8A907E-E273-4BAF-B31F-CB4EB9E6E4AD}"
EndProject
Project("{FAE04EC0-301F-11D3-BF4B-00C04F79EFBC}") = "Application.Entities", "Application.Entities\Application.Entities.csproj", "{557777CF-629B-43F3-A702-D14DB8564CA4}"
EndProject
Project("{FAE04EC0-301F-11D3-BF4B-00C04F79EFBC}") = "Application.DataAccess", "Application.DataAccess\Application.DataAccess.csproj", "{3517E881-C6A1-425B-B81E-15775A2CCD78}"
EndProject
Project("{FAE04EC0-301F-11D3-BF4B-00C04F79EFBC}") = "Application.UI", "Application.UI\Application.UI.csproj", "{60F7DE11-3DD1-4B51-BAA6-2D0FCAECB102}"
EndProject
Project("{2150E333-8FDC-42A3-9474-1A3956D46DE8}") = "DB19July", "DB19July", "{1DCDD725-0898-49DB-9C61-C6406EA91EA1}"
EndProject
Project("{FAE04EC0-301F-11D3-BF4B-00C04F79EFBC}") = "Application2.Entities", "Application\Application2.Entities.csproj", "{92577230-3437-43D1-88F5-9355851DDF49}"
EndProject
Project("{FAE04EC0-301F-11D3-BF4B-00C04F79EFBC}") = "Application2.DataAccess", "Application.Utilities\Application2.DataAccess.csproj", "{91A67196-A764-4DD4-99A3-BE385FD0A731}"
EndProject
Project("{FAE04EC0-301F-11D3-BF4B-00C04F79EFBC}") = "Application2.UI", "Application.UI2\Application2.UI.csproj", "{C060B5FB-5E61-45CD-A09C-47557D2F98E8}"
EndProject
Project("{2150E333-8FDC-42A3-9474-1A3956D46DE8}") = "Web Applications", "Web Applications", "{D7F28906-D32C-49DD-9E54-B6CDEAAA2136}"
EndProject
Project("{FAE04EC0-301F-11D3-BF4B-00C04F79EFBC}") = "WebApplication21July", "WebApplication21July\WebApplication21July.csproj", "{7641F19B-FDD3-47E6-B3A7-25285D060906}"
EndProject
Project("{FAE04EC0-301F-11D3-BF4B-00C04F79EFBC}") = "ConsoleApp2", "ConsoleApp2\ConsoleApp2.csproj", "{8F813EE7-FD79-4397-9200-EC0E91BB8EBF}"
EndProject
Global
	GlobalSection(SolutionConfigurationPlatforms) = preSolution
		Debug|Any CPU = Debug|Any CPU
		Release|Any CPU = Release|Any CPU
	EndGlobalSection
	GlobalSection(ProjectConfigurationPlatforms) = postSolution
		{4B1BFECC-6DB2-4330-9252-4833C0949B74}.Debug|Any CPU.ActiveCfg = Debug|Any CPU
		{4B1BFECC-6DB2-4330-9252-4833C0949B74}.Debug|Any CPU.Build.0 = Debug|Any CPU
		{4B1BFECC-6DB2-4330-9252-4833C0949B74}.Release|Any CPU.ActiveCfg = Release|Any CPU
		{4B1BFECC-6DB2-4330-9252-4833C0949B74}.Release|Any CPU.Build.0 = Release|Any CPU
		{D63CEDDB-F7C8-4E64-B138-3F569496DF2E}.Debug|Any CPU.ActiveCfg = Debug|Any CPU
		{D63CEDDB-F7C8-4E64-B138-3F569496DF2E}.Debug|Any CPU.Build.0 = Debug|Any CPU
		{D63CEDDB-F7C8-4E64-B138-3F569496DF2E}.Release|Any CPU.ActiveCfg = Release|Any CPU
		{D63CEDDB-F7C8-4E64-B138-3F569496DF2E}.Release|Any CPU.Build.0 = Release|Any CPU
		{1173156A-E0C8-446F-9296-0F9AF347EF12}.Debug|Any CPU.ActiveCfg = Debug|Any CPU
		{1173156A-E0C8-446F-9296-0F9AF347EF12}.Debug|Any CPU.Build.0 = Debug|Any CPU
		{1173156A-E0C8-446F-9296-0F9AF347EF12}.Release|Any CPU.ActiveCfg = Release|Any CPU
		{1173156A-E0C8-446F-9296-0F9AF347EF12}.Release|Any CPU.Build.0 = Release|Any CPU
		{64413DFD-42F7-4299-A0E5-7EC86A8C9A5C}.Debug|Any CPU.ActiveCfg = Debug|Any CPU
		{64413DFD-42F7-4299-A0E5-7EC86A8C9A5C}.Debug|Any CPU.Build.0 = Debug|Any CPU
		{64413DFD-42F7-4299-A0E5-7EC86A8C9A5C}.Release|Any CPU.ActiveCfg = Release|Any CPU
		{64413DFD-42F7-4299-A0E5-7EC86A8C9A5C}.Release|Any CPU.Build.0 = Release|Any CPU
		{529823D0-0BA1-4C98-89E6-0D32C3A9C4DC}.Debug|Any CPU.ActiveCfg = Debug|Any CPU
		{529823D0-0BA1-4C98-89E6-0D32C3A9C4DC}.Debug|Any CPU.Build.0 = Debug|Any CPU
		{529823D0-0BA1-4C98-89E6-0D32C3A9C4DC}.Release|Any CPU.ActiveCfg = Release|Any CPU
		{529823D0-0BA1-4C98-89E6-0D32C3A9C4DC}.Release|Any CPU.Build.0 = Release|Any CPU
		{557777CF-629B-43F3-A702-D14DB8564CA4}.Debug|Any CPU.ActiveCfg = Debug|Any CPU
		{557777CF-629B-43F3-A702-D14DB8564CA4}.Debug|Any CPU.Build.0 = Debug|Any CPU
		{557777CF-629B-43F3-A702-D14DB8564CA4}.Release|Any CPU.ActiveCfg = Release|Any CPU
		{557777CF-629B-43F3-A702-D14DB8564CA4}.Release|Any CPU.Build.0 = Release|Any CPU
		{3517E881-C6A1-425B-B81E-15775A2CCD78}.Debug|Any CPU.ActiveCfg = Debug|Any CPU
		{3517E881-C6A1-425B-B81E-15775A2CCD78}.Debug|Any CPU.Build.0 = Debug|Any CPU
		{3517E881-C6A1-425B-B81E-15775A2CCD78}.Release|Any CPU.ActiveCfg = Release|Any CPU
		{3517E881-C6A1-425B-B81E-15775A2CCD78}.Release|Any CPU.Build.0 = Release|Any CPU
		{60F7DE11-3DD1-4B51-BAA6-2D0FCAECB102}.Debug|Any CPU.ActiveCfg = Debug|Any CPU
		{60F7DE11-3DD1-4B51-BAA6-2D0FCAECB102}.Debug|Any CPU.Build.0 = Debug|Any CPU
		{60F7DE11-3DD1-4B51-BAA6-2D0FCAECB102}.Release|Any CPU.ActiveCfg = Release|Any CPU
		{60F7DE11-3DD1-4B51-BAA6-2D0FCAECB102}.Release|Any CPU.Build.0 = Release|Any CPU
		{92577230-3437-43D1-88F5-9355851DDF49}.Debug|Any CPU.ActiveCfg = Debug|Any CPU
		{92577230-3437-43D1-88F5-9355851DDF49}.Debug|Any CPU.Build.0 = Debug|Any CPU
		{92577230-3437-43D1-88F5-9355851DDF49}.Release|Any CPU.ActiveCfg = Release|Any CPU
		{92577230-3437-43D1-88F5-9355851DDF49}.Release|Any CPU.Build.0 = Release|Any CPU
		{91A67196-A764-4DD4-99A3-BE385FD0A731}.Debug|Any CPU.ActiveCfg = Debug|Any CPU
		{91A67196-A764-4DD4-99A3-BE385FD0A731}.Debug|Any CPU.Build.0 = Debug|Any CPU
		{91A67196-A764-4DD4-99A3-BE385FD0A731}.Release|Any CPU.ActiveCfg = Release|Any CPU
		{91A67196-A764-4DD4-99A3-BE385FD0A731}.Release|Any CPU.Build.0 = Release|Any CPU
		{C060B5FB-5E61-45CD-A09C-47557D2F98E8}.Debug|Any CPU.ActiveCfg = Debug|Any CPU
		{C060B5FB-5E61-45CD-A09C-47557D2F98E8}.Debug|Any CPU.Build.0 = Debug|Any CPU
		{C060B5FB-5E61-45CD-A09C-47557D2F98E8}.Release|Any CPU.ActiveCfg = Release|Any CPU
		{C060B5FB-5E61-45CD-A09C-47557D2F98E8}.Release|Any CPU.Build.0 = Release|Any CPU
		{7641F19B-FDD3-47E6-B3A7-25285D060906}.Debug|Any CPU.ActiveCfg = Debug|Any CPU
		{7641F19B-FDD3-47E6-B3A7-25285D060906}.Debug|Any CPU.Build.0 = Debug|Any CPU
		{7641F19B-FDD3-47E6-B3A7-25285D060906}.Release|Any CPU.ActiveCfg = Release|Any CPU
		{7641F19B-FDD3-47E6-B3A7-25285D060906}.Release|Any CPU.Build.0 = Release|Any CPU
		{8F813EE7-FD79-4397-9200-EC0E91BB8EBF}.Debug|Any CPU.ActiveCfg = Debug|Any CPU
		{8F813EE7-FD79-4397-9200-EC0E91BB8EBF}.Debug|Any CPU.Build.0 = Debug|Any CPU
		{8F813EE7-FD79-4397-9200-EC0E91BB8EBF}.Release|Any CPU.ActiveCfg = Release|Any CPU
		{8F813EE7-FD79-4397-9200-EC0E91BB8EBF}.Release|Any CPU.Build.0 = Release|Any CPU
	EndGlobalSection
	GlobalSection(SolutionProperties) = preSolution
		HideSolutionNode = FALSE
	EndGlobalSection
	GlobalSection(NestedProjects) = preSolution
		{557777CF-629B-43F3-A702-D14DB8564CA4} = {9D8A907E-E273-4BAF-B31F-CB4EB9E6E4AD}
		{3517E881-C6A1-425B-B81E-15775A2CCD78} = {9D8A907E-E273-4BAF-B31F-CB4EB9E6E4AD}
		{60F7DE11-3DD1-4B51-BAA6-2D0FCAECB102} = {9D8A907E-E273-4BAF-B31F-CB4EB9E6E4AD}
		{92577230-3437-43D1-88F5-9355851DDF49} = {1DCDD725-0898-49DB-9C61-C6406EA91EA1}
		{91A67196-A764-4DD4-99A3-BE385FD0A731} = {1DCDD725-0898-49DB-9C61-C6406EA91EA1}
		{C060B5FB-5E61-45CD-A09C-47557D2F98E8} = {1DCDD725-0898-49DB-9C61-C6406EA91EA1}
		{7641F19B-FDD3-47E6-B3A7-25285D060906} = {D7F28906-D32C-49DD-9E54-B6CDEAAA2136}
	EndGlobalSection
	GlobalSection(ExtensibilityGlobals) = postSolution
		SolutionGuid = {3FD3BCAD-B3F1-4D1C-911E-0F3C95CBA9FA}
	EndGlobalSection
EndGlobal
